
Microsoft Visual Studio Solution File, Format Version 12.00
# Visual Studio 15
VisualStudioVersion = 15.0.26228.9
MinimumVisualStudioVersion = 10.0.40219.1
Project("{2150E333-8FDC-42A3-9474-1A3956D46DE8}") = "Generic", "Generic", "{9B0840E0-ACB7-4231-8950-2E02CAF544FE}"
EndProject
Project("{FAE04EC0-301F-11D3-BF4B-00C04F79EFBC}") = "Generic.Framework", "Generic.Framework\Generic.Framework.csproj", "{4A5CC304-4F7D-4F3B-AB2E-6949703888FA}"
EndProject
Project("{FAE04EC0-301F-11D3-BF4B-00C04F79EFBC}") = "Generic.Repository.Ef", "Generic.Repository.EfCore\Generic.Repository.Ef.csproj", "{6BDBFF94-BB32-43A7-B27C-A151203089D0}"
EndProject
Project("{FAE04EC0-301F-11D3-BF4B-00C04F79EFBC}") = "Finance.Logic", "Finance.Logic\Finance.Logic.csproj", "{D2EFC4CA-ADE2-48DE-8F12-92E214801E3B}"
EndProject
Project("{FAE04EC0-301F-11D3-BF4B-00C04F79EFBC}") = "Finance.Repository.Ef", "Finance.Repository.EfCore\Finance.Repository.Ef.csproj", "{12331F07-7D9A-4839-90C8-D0DA1DA06903}"
EndProject
Project("{FAE04EC0-301F-11D3-BF4B-00C04F79EFBC}") = "Finance.Api", "Finance.Api\Finance.Api.csproj", "{9382EA83-D15E-49DF-A55E-5BC66C145442}"
EndProject
Project("{2150E333-8FDC-42A3-9474-1A3956D46DE8}") = "Testing", "Testing", "{2985686D-7F7A-4226-931A-F18BB47C86B8}"
EndProject
Project("{FAE04EC0-301F-11D3-BF4B-00C04F79EFBC}") = "Finance.Logic.Test", "Finance.Logic.Test\Finance.Logic.Test.csproj", "{72311E93-F124-4D03-8236-A2ADDC467D4E}"
EndProject
Project("{FAE04EC0-301F-11D3-BF4B-00C04F79EFBC}") = "Finance.Repository.Test", "Finance.Repository.Test\Finance.Repository.Test.csproj", "{97974102-8E29-453A-996C-AB4D9D497625}"
EndProject
Global
	GlobalSection(SolutionConfigurationPlatforms) = preSolution
		Debug|Any CPU = Debug|Any CPU
		Release|Any CPU = Release|Any CPU
	EndGlobalSection
	GlobalSection(ProjectConfigurationPlatforms) = postSolution
		{4A5CC304-4F7D-4F3B-AB2E-6949703888FA}.Debug|Any CPU.ActiveCfg = Debug|Any CPU
		{4A5CC304-4F7D-4F3B-AB2E-6949703888FA}.Debug|Any CPU.Build.0 = Debug|Any CPU
		{4A5CC304-4F7D-4F3B-AB2E-6949703888FA}.Release|Any CPU.ActiveCfg = Release|Any CPU
		{4A5CC304-4F7D-4F3B-AB2E-6949703888FA}.Release|Any CPU.Build.0 = Release|Any CPU
		{6BDBFF94-BB32-43A7-B27C-A151203089D0}.Debug|Any CPU.ActiveCfg = Debug|Any CPU
		{6BDBFF94-BB32-43A7-B27C-A151203089D0}.Debug|Any CPU.Build.0 = Debug|Any CPU
		{6BDBFF94-BB32-43A7-B27C-A151203089D0}.Release|Any CPU.ActiveCfg = Release|Any CPU
		{6BDBFF94-BB32-43A7-B27C-A151203089D0}.Release|Any CPU.Build.0 = Release|Any CPU
		{D2EFC4CA-ADE2-48DE-8F12-92E214801E3B}.Debug|Any CPU.ActiveCfg = Debug|Any CPU
		{D2EFC4CA-ADE2-48DE-8F12-92E214801E3B}.Debug|Any CPU.Build.0 = Debug|Any CPU
		{D2EFC4CA-ADE2-48DE-8F12-92E214801E3B}.Release|Any CPU.ActiveCfg = Release|Any CPU
		{D2EFC4CA-ADE2-48DE-8F12-92E214801E3B}.Release|Any CPU.Build.0 = Release|Any CPU
		{12331F07-7D9A-4839-90C8-D0DA1DA06903}.Debug|Any CPU.ActiveCfg = Debug|Any CPU
		{12331F07-7D9A-4839-90C8-D0DA1DA06903}.Debug|Any CPU.Build.0 = Debug|Any CPU
		{12331F07-7D9A-4839-90C8-D0DA1DA06903}.Release|Any CPU.ActiveCfg = Release|Any CPU
		{12331F07-7D9A-4839-90C8-D0DA1DA06903}.Release|Any CPU.Build.0 = Release|Any CPU
		{9382EA83-D15E-49DF-A55E-5BC66C145442}.Debug|Any CPU.ActiveCfg = Debug|Any CPU
		{9382EA83-D15E-49DF-A55E-5BC66C145442}.Debug|Any CPU.Build.0 = Debug|Any CPU
		{9382EA83-D15E-49DF-A55E-5BC66C145442}.Release|Any CPU.ActiveCfg = Release|Any CPU
		{9382EA83-D15E-49DF-A55E-5BC66C145442}.Release|Any CPU.Build.0 = Release|Any CPU
		{72311E93-F124-4D03-8236-A2ADDC467D4E}.Debug|Any CPU.ActiveCfg = Debug|Any CPU
		{72311E93-F124-4D03-8236-A2ADDC467D4E}.Debug|Any CPU.Build.0 = Debug|Any CPU
		{72311E93-F124-4D03-8236-A2ADDC467D4E}.Release|Any CPU.ActiveCfg = Release|Any CPU
		{72311E93-F124-4D03-8236-A2ADDC467D4E}.Release|Any CPU.Build.0 = Release|Any CPU
		{97974102-8E29-453A-996C-AB4D9D497625}.Debug|Any CPU.ActiveCfg = Debug|Any CPU
		{97974102-8E29-453A-996C-AB4D9D497625}.Debug|Any CPU.Build.0 = Debug|Any CPU
		{97974102-8E29-453A-996C-AB4D9D497625}.Release|Any CPU.ActiveCfg = Release|Any CPU
		{97974102-8E29-453A-996C-AB4D9D497625}.Release|Any CPU.Build.0 = Release|Any CPU
	EndGlobalSection
	GlobalSection(SolutionProperties) = preSolution
		HideSolutionNode = FALSE
	EndGlobalSection
	GlobalSection(NestedProjects) = preSolution
		{4A5CC304-4F7D-4F3B-AB2E-6949703888FA} = {9B0840E0-ACB7-4231-8950-2E02CAF544FE}
		{6BDBFF94-BB32-43A7-B27C-A151203089D0} = {9B0840E0-ACB7-4231-8950-2E02CAF544FE}
		{72311E93-F124-4D03-8236-A2ADDC467D4E} = {2985686D-7F7A-4226-931A-F18BB47C86B8}
		{97974102-8E29-453A-996C-AB4D9D497625} = {2985686D-7F7A-4226-931A-F18BB47C86B8}
	EndGlobalSection
EndGlobal
